
Microsoft Visual Studio Solution File, Format Version 12.00
# Visual Studio Version 17
VisualStudioVersion = 17.14.36203.30
MinimumVisualStudioVersion = 10.0.40219.1
Project("{FAE04EC0-301F-11D3-BF4B-00C04F79EFBC}") = "BasitETicaretUygulamasi", "BasitETicaretUygulamasi\BasitETicaretUygulamasi.csproj", "{8385094A-3817-407B-ACCA-ECBAB7A2C0D9}"
EndProject
Project("{FAE04EC0-301F-11D3-BF4B-00C04F79EFBC}") = "Business", "Business\Business.csproj", "{90CF1B24-37F8-4003-8F28-FCC19BFA7818}"
EndProject
Project("{FAE04EC0-301F-11D3-BF4B-00C04F79EFBC}") = "Entities", "Entities\Entities.csproj", "{0AB08EFA-06BD-474D-82BA-2492E7EB96CF}"
EndProject
Project("{FAE04EC0-301F-11D3-BF4B-00C04F79EFBC}") = "DataAccess", "DataAccess\DataAccess.csproj", "{CDDDD1D4-32B7-45C3-9291-144719883708}"
EndProject
Global
	GlobalSection(SolutionConfigurationPlatforms) = preSolution
		Debug|Any CPU = Debug|Any CPU
		Release|Any CPU = Release|Any CPU
	EndGlobalSection
	GlobalSection(ProjectConfigurationPlatforms) = postSolution
		{8385094A-3817-407B-ACCA-ECBAB7A2C0D9}.Debug|Any CPU.ActiveCfg = Debug|Any CPU
		{8385094A-3817-407B-ACCA-ECBAB7A2C0D9}.Debug|Any CPU.Build.0 = Debug|Any CPU
		{8385094A-3817-407B-ACCA-ECBAB7A2C0D9}.Release|Any CPU.ActiveCfg = Release|Any CPU
		{8385094A-3817-407B-ACCA-ECBAB7A2C0D9}.Release|Any CPU.Build.0 = Release|Any CPU
		{90CF1B24-37F8-4003-8F28-FCC19BFA7818}.Debug|Any CPU.ActiveCfg = Debug|Any CPU
		{90CF1B24-37F8-4003-8F28-FCC19BFA7818}.Debug|Any CPU.Build.0 = Debug|Any CPU
		{90CF1B24-37F8-4003-8F28-FCC19BFA7818}.Release|Any CPU.ActiveCfg = Release|Any CPU
		{90CF1B24-37F8-4003-8F28-FCC19BFA7818}.Release|Any CPU.Build.0 = Release|Any CPU
		{0AB08EFA-06BD-474D-82BA-2492E7EB96CF}.Debug|Any CPU.ActiveCfg = Debug|Any CPU
		{0AB08EFA-06BD-474D-82BA-2492E7EB96CF}.Debug|Any CPU.Build.0 = Debug|Any CPU
		{0AB08EFA-06BD-474D-82BA-2492E7EB96CF}.Release|Any CPU.ActiveCfg = Release|Any CPU
		{0AB08EFA-06BD-474D-82BA-2492E7EB96CF}.Release|Any CPU.Build.0 = Release|Any CPU
		{CDDDD1D4-32B7-45C3-9291-144719883708}.Debug|Any CPU.ActiveCfg = Debug|Any CPU
		{CDDDD1D4-32B7-45C3-9291-144719883708}.Debug|Any CPU.Build.0 = Debug|Any CPU
		{CDDDD1D4-32B7-45C3-9291-144719883708}.Release|Any CPU.ActiveCfg = Release|Any CPU
		{CDDDD1D4-32B7-45C3-9291-144719883708}.Release|Any CPU.Build.0 = Release|Any CPU
	EndGlobalSection
	GlobalSection(SolutionProperties) = preSolution
		HideSolutionNode = FALSE
	EndGlobalSection
	GlobalSection(ExtensibilityGlobals) = postSolution
		SolutionGuid = {E37E8C22-8004-4D8F-ACED-40CF212A912F}
	EndGlobalSection
EndGlobal
